github.com/vedranvuk/errorex v0.3.1-0.20200611125021-5a46bf3970aa/go.mod h1:sP0DQ6dh/fEmjtNU/5+8G2eV981hms4mIBESJ1XI90Q=
github.com/vedranvuk/errorex v0.3.1 h1:AHJ1ljIBtcN+APzkf16heR0dE3xFeAChYNRVQa8NDFE=
github.com/vedranvuk/errorex v0.3.1/go.mod h1:sP0DQ6dh/fEmjtNU/5+8G2eV981hms4mIBESJ1XI90Q=
github.com/vedranvuk/reflectex v0.0.0-20200611155400-78d9617fa1da h1:kqPm8bvWfL70oG9pS2J7JturqIjCauoRCkLEmgwmA/k=
github.com/vedranvuk/reflectex v0.0.0-20200611155400-78d9617fa1da/go.mod h1:bekRtHPb2f8N1wZYEp0jXbFLID/lxKs0NDhQEzEl1AA=
